
Microsoft Visual Studio Solution File, Format Version 12.00
# Visual Studio 15
VisualStudioVersion = 15.0.28307.1022
MinimumVisualStudioVersion = 10.0.40219.1
Project("{FAE04EC0-301F-11D3-BF4B-00C04F79EFBC}") = "WindowsFormsApp1", "WindowsFormsApp1\WindowsFormsApp1.csproj", "{7509C471-1FEF-4FA2-B613-86011C34D8EB}"
EndProject
Global
	GlobalSection(SolutionConfigurationPlatforms) = preSolution
		Debug|Any CPU = Debug|Any CPU
		Release|Any CPU = Release|Any CPU
	EndGlobalSection
	GlobalSection(ProjectConfigurationPlatforms) = postSolution
		{7509C471-1FEF-4FA2-B613-86011C34D8EB}.Debug|Any CPU.ActiveCfg = Debug|Any CPU
		{7509C471-1FEF-4FA2-B613-86011C34D8EB}.Debug|Any CPU.Build.0 = Debug|Any CPU
		{7509C471-1FEF-4FA2-B613-86011C34D8EB}.Release|Any CPU.ActiveCfg = Release|Any CPU
		{7509C471-1FEF-4FA2-B613-86011C34D8EB}.Release|Any CPU.Build.0 = Release|Any CPU
	EndGlobalSection
	GlobalSection(SolutionProperties) = preSolution
		HideSolutionNode = FALSE
	EndGlobalSection
	GlobalSection(ExtensibilityGlobals) = postSolution
		SolutionGuid = {74FE099E-4EA6-42D6-9F1B-13C722A6B5E6}
	EndGlobalSection
EndGlobal
